<?xml version="1.0" encoding="utf-8"?>
<Project ToolsVersion="4.0" xmlns="http://schemas.microsoft.com/developer/msbuild/2003">
  <ItemGroup>
    <Filter Include="源文件">
      <UniqueIdentifier>{4FC737F1-C7A5-4376-A066-2A32D752A2FF}</UniqueIdentifier>
      <Extensions>cpp;c;cc;cxx;c++;cppm;ixx;def;odl;idl;hpj;bat;asm;asmx</Extensions>
    </Filter>
    <Filter Include="头文件">
      <UniqueIdentifier>{93995380-89BD-4b04-88EB-625FBE52EBFB}</UniqueIdentifier>
      <Extensions>h;hh;hpp;hxx;h++;hm;inl;inc;ipp;xsd</Extensions>
    </Filter>
    <Filter Include="资源文件">
      <UniqueIdentifier>{67DA6AB6-F800-4c08-8B7A-83BB121AAD01}</UniqueIdentifier>
      <Extensions>rc;ico;cur;bmp;dlg;rc2;rct;bin;rgs;gif;jpg;jpeg;jpe;resx;tiff;tif;png;wav;mfcribbon-ms</Extensions>
    </Filter>
    <Filter Include="KeyManager">
      <UniqueIdentifier>{72530b36-66e2-4133-8924-14fc450d909b}</UniqueIdentifier>
    </Filter>
    <Filter Include="lib">
      <UniqueIdentifier>{d2cbf0fb-a94b-445d-80b5-57550540f7ce}</UniqueIdentifier>
    </Filter>
    <Filter Include="lib\Interception">
      <UniqueIdentifier>{bd55010b-d4d0-4dc4-a178-d208a6dd9202}</UniqueIdentifier>
    </Filter>
    <Filter Include="Logger">
      <UniqueIdentifier>{5b302f8d-15f7-4cd9-9f24-c2982d133a28}</UniqueIdentifier>
    </Filter>
    <Filter Include="EEparser">
      <UniqueIdentifier>{fb87d84d-e896-4647-ae37-a7e0ed1329ab}</UniqueIdentifier>
    </Filter>
    <Filter Include="lib\Op">
      <UniqueIdentifier>{c1f537ca-5c12-4301-b319-b31dec522eaa}</UniqueIdentifier>
    </Filter>
    <Filter Include="ImageProc">
      <UniqueIdentifier>{93f42139-5992-43b5-8543-0e0ae7161be5}</UniqueIdentifier>
    </Filter>
  </ItemGroup>
  <ItemGroup>
    <ClCompile Include="lib\Interception\interception.c">
      <Filter>lib\Interception</Filter>
    </ClCompile>
    <ClCompile Include="KeyManager.cpp">
      <Filter>KeyManager</Filter>
    </ClCompile>
    <ClCompile Include="main.cpp">
      <Filter>源文件</Filter>
    </ClCompile>
    <ClCompile Include="Logger.cpp">
      <Filter>Logger</Filter>
    </ClCompile>
    <ClCompile Include="EEparser.cpp">
      <Filter>EEparser</Filter>
    </ClCompile>
    <ClCompile Include="ImageProc.cpp">
      <Filter>ImageProc</Filter>
    </ClCompile>
  </ItemGroup>
  <ItemGroup>
    <ClInclude Include="lib\Interception\interception.h">
      <Filter>lib\Interception</Filter>
    </ClInclude>
    <ClInclude Include="KeyManager.h">
      <Filter>KeyManager</Filter>
    </ClInclude>
    <ClInclude Include="Logger.h">
      <Filter>Logger</Filter>
    </ClInclude>
    <ClInclude Include="EEparser.h">
      <Filter>EEparser</Filter>
    </ClInclude>
    <ClInclude Include="lib\Op\libop.h">
      <Filter>lib\Op</Filter>
    </ClInclude>
    <ClInclude Include="ImageProc.h">
      <Filter>ImageProc</Filter>
    </ClInclude>
    <ClInclude Include="resource.h">
      <Filter>头文件</Filter>
    </ClInclude>
  </ItemGroup>
  <ItemGroup>
    <Library Include="lib\Op\op_x64.lib">
      <Filter>lib\Op</Filter>
    </Library>
  </ItemGroup>
  <ItemGroup>
    <None Include="lib\Op\op_x64.dll">
      <Filter>lib\Op</Filter>
    </None>
    <None Include=".editorconfig">
      <Filter>资源文件</Filter>
    </None>
    <None Include="lib\Interception\install-interception.exe">
      <Filter>lib\Interception</Filter>
    </None>
    <None Include="lib\Interception\安装驱动_右键以管理员身份运行.bat">
      <Filter>lib\Interception</Filter>
    </None>
    <None Include="lib\Interception\卸载驱动_右键以管理员身份运行.bat">
      <Filter>lib\Interception</Filter>
    </None>
  </ItemGroup>
  <ItemGroup>
    <ResourceCompile Include="WarframeAutoPause.rc">
      <Filter>资源文件</Filter>
    </ResourceCompile>
  </ItemGroup>
  <ItemGroup>
    <Image Include="..\墙中人\图标.ico">
      <Filter>资源文件</Filter>
    </Image>
  </ItemGroup>
</Project>